
Microsoft Visual Studio Solution File, Format Version 12.00
# Visual Studio 15
Project("{FAE04EC0-301F-11D3-BF4B-00C04F79EFBC}") = "Assembly-CSharp", "Assembly-CSharp.csproj", "{95CD4CDC-4FED-26E6-D66C-2202CA5CCC4B}"
EndProject
Project("{FAE04EC0-301F-11D3-BF4B-00C04F79EFBC}") = "Assembly-CSharp-Editor", "Assembly-CSharp-Editor.csproj", "{F49E4C20-6CC8-1DBE-8074-881EC13DCA11}"
EndProject
Global
	GlobalSection(SolutionConfigurationPlatforms) = preSolution
		Debug|Any CPU = Debug|Any CPU
		Release|Any CPU = Release|Any CPU
	EndGlobalSection
	GlobalSection(ProjectConfigurationPlatforms) = postSolution
		{95CD4CDC-4FED-26E6-D66C-2202CA5CCC4B}.Debug|Any CPU.ActiveCfg = Debug|Any CPU
		{95CD4CDC-4FED-26E6-D66C-2202CA5CCC4B}.Debug|Any CPU.Build.0 = Debug|Any CPU
		{95CD4CDC-4FED-26E6-D66C-2202CA5CCC4B}.Release|Any CPU.ActiveCfg = Release|Any CPU
		{95CD4CDC-4FED-26E6-D66C-2202CA5CCC4B}.Release|Any CPU.Build.0 = Release|Any CPU
		{F49E4C20-6CC8-1DBE-8074-881EC13DCA11}.Debug|Any CPU.ActiveCfg = Debug|Any CPU
		{F49E4C20-6CC8-1DBE-8074-881EC13DCA11}.Debug|Any CPU.Build.0 = Debug|Any CPU
		{F49E4C20-6CC8-1DBE-8074-881EC13DCA11}.Release|Any CPU.ActiveCfg = Release|Any CPU
		{F49E4C20-6CC8-1DBE-8074-881EC13DCA11}.Release|Any CPU.Build.0 = Release|Any CPU
	EndGlobalSection
	GlobalSection(SolutionProperties) = preSolution
		HideSolutionNode = FALSE
	EndGlobalSection
	GlobalSection(MonoDevelopProperties) = preSolution
		StartupItem = Assembly-CSharp.csproj
	EndGlobalSection
EndGlobal
